
Microsoft Visual Studio Solution File, Format Version 12.00
# Visual Studio 15
VisualStudioVersion = 15.0.28010.2026
MinimumVisualStudioVersion = 10.0.40219.1
Project("{FAE04EC0-301F-11D3-BF4B-00C04F79EFBC}") = "rockpaperscissorsc", "rockpaperscissorsc\rockpaperscissorsc.csproj", "{C6374419-0791-4C6A-A349-70B5B3CE9FAA}"
EndProject
Global
	GlobalSection(SolutionConfigurationPlatforms) = preSolution
		Debug|Any CPU = Debug|Any CPU
		Release|Any CPU = Release|Any CPU
	EndGlobalSection
	GlobalSection(ProjectConfigurationPlatforms) = postSolution
		{C6374419-0791-4C6A-A349-70B5B3CE9FAA}.Debug|Any CPU.ActiveCfg = Debug|Any CPU
		{C6374419-0791-4C6A-A349-70B5B3CE9FAA}.Debug|Any CPU.Build.0 = Debug|Any CPU
		{C6374419-0791-4C6A-A349-70B5B3CE9FAA}.Release|Any CPU.ActiveCfg = Release|Any CPU
		{C6374419-0791-4C6A-A349-70B5B3CE9FAA}.Release|Any CPU.Build.0 = Release|Any CPU
	EndGlobalSection
	GlobalSection(SolutionProperties) = preSolution
		HideSolutionNode = FALSE
	EndGlobalSection
	GlobalSection(ExtensibilityGlobals) = postSolution
		SolutionGuid = {BBA99A10-8E06-4C59-AB9C-D84FF3B6B878}
	EndGlobalSection
EndGlobal
